
Microsoft Visual Studio Solution File, Format Version 12.00
# Visual Studio Version 16
VisualStudioVersion = 16.0.31702.278
MinimumVisualStudioVersion = 10.0.40219.1
Project("{FAE04EC0-301F-11D3-BF4B-00C04F79EFBC}") = "36_pasta_surec", "36_pasta_surec\36_pasta_surec.csproj", "{CC0220C2-B165-483A-B391-D373DAC3E100}"
EndProject
Global
	GlobalSection(SolutionConfigurationPlatforms) = preSolution
		Debug|Any CPU = Debug|Any CPU
		Release|Any CPU = Release|Any CPU
	EndGlobalSection
	GlobalSection(ProjectConfigurationPlatforms) = postSolution
		{CC0220C2-B165-483A-B391-D373DAC3E100}.Debug|Any CPU.ActiveCfg = Debug|Any CPU
		{CC0220C2-B165-483A-B391-D373DAC3E100}.Debug|Any CPU.Build.0 = Debug|Any CPU
		{CC0220C2-B165-483A-B391-D373DAC3E100}.Release|Any CPU.ActiveCfg = Release|Any CPU
		{CC0220C2-B165-483A-B391-D373DAC3E100}.Release|Any CPU.Build.0 = Release|Any CPU
	EndGlobalSection
	GlobalSection(SolutionProperties) = preSolution
		HideSolutionNode = FALSE
	EndGlobalSection
	GlobalSection(ExtensibilityGlobals) = postSolution
		SolutionGuid = {F5E872A2-F9F5-4319-A89A-170B1FDD2DC5}
	EndGlobalSection
EndGlobal
